
Microsoft Visual Studio Solution File, Format Version 12.00
# Visual Studio Version 16
VisualStudioVersion = 16.0.31229.75
MinimumVisualStudioVersion = 10.0.40219.1
Project("{FAE04EC0-301F-11D3-BF4B-00C04F79EFBC}") = "QueueWithTwoStacks", "QueueWithTwoStacks\QueueWithTwoStacks.csproj", "{E61E89CD-DF4A-48A4-8E54-E62F96E99163}"
EndProject
Global
	GlobalSection(SolutionConfigurationPlatforms) = preSolution
		Debug|Any CPU = Debug|Any CPU
		Release|Any CPU = Release|Any CPU
	EndGlobalSection
	GlobalSection(ProjectConfigurationPlatforms) = postSolution
		{E61E89CD-DF4A-48A4-8E54-E62F96E99163}.Debug|Any CPU.ActiveCfg = Debug|Any CPU
		{E61E89CD-DF4A-48A4-8E54-E62F96E99163}.Debug|Any CPU.Build.0 = Debug|Any CPU
		{E61E89CD-DF4A-48A4-8E54-E62F96E99163}.Release|Any CPU.ActiveCfg = Release|Any CPU
		{E61E89CD-DF4A-48A4-8E54-E62F96E99163}.Release|Any CPU.Build.0 = Release|Any CPU
	EndGlobalSection
	GlobalSection(SolutionProperties) = preSolution
		HideSolutionNode = FALSE
	EndGlobalSection
	GlobalSection(ExtensibilityGlobals) = postSolution
		SolutionGuid = {C667321E-F3F5-4B56-823D-375FBE927C5C}
	EndGlobalSection
EndGlobal
